
Microsoft Visual Studio Solution File, Format Version 12.00
# Visual Studio 15
VisualStudioVersion = 15.0.28307.902
MinimumVisualStudioVersion = 10.0.40219.1
Project("{FAE04EC0-301F-11D3-BF4B-00C04F79EFBC}") = "ExactValues", "ExactValues\ExactValues.csproj", "{2737A9C8-F894-43C6-B615-4EF0ED99C7B9}"
EndProject
Project("{FAE04EC0-301F-11D3-BF4B-00C04F79EFBC}") = "CloseVariants", "CloseVariants\CloseVariants.csproj", "{F9DC7C02-9DEA-482C-9602-101AF84B4015}"
EndProject
Project("{FAE04EC0-301F-11D3-BF4B-00C04F79EFBC}") = "DateChanger", "DateChanger\DateChanger.csproj", "{7320CF54-0EEA-4E60-8BB9-1D14B347128E}"
EndProject
Project("{FAE04EC0-301F-11D3-BF4B-00C04F79EFBC}") = "CloseVariantsSimilarKeywords", "CloseVariantsSimilarKeywords\CloseVariantsSimilarKeywords.csproj", "{DF721730-9122-4138-8B9F-04B39751E035}"
EndProject
Project("{FAE04EC0-301F-11D3-BF4B-00C04F79EFBC}") = "ExactValuesSimilarKeywords", "ExactValuesSimilarKeywords\ExactValuesSimilarKeywords.csproj", "{7A9A677E-9282-4914-B7AF-BBD0FCEAB6EE}"
EndProject
Project("{FAE04EC0-301F-11D3-BF4B-00C04F79EFBC}") = "ExactValuesSimilarBatchKeywrods", "ExactValuesSimilarBatchKeywrods\ExactValuesSimilarBatchKeywrods.csproj", "{1197F2E7-839D-4A87-A8FB-C9C867730042}"
EndProject
Project("{FAE04EC0-301F-11D3-BF4B-00C04F79EFBC}") = "ExactValuesEmptyKeywords", "ExactValuesEmptyKeywords\ExactValuesEmptyKeywords.csproj", "{45C744B9-0215-48A6-A596-4CFCD1A1639D}"
EndProject
Project("{FAE04EC0-301F-11D3-BF4B-00C04F79EFBC}") = "ExactValuesV1", "ExactValuesV1\ExactValuesV1.csproj", "{7194E857-14EF-461F-84D4-15E3BCEB9150}"
EndProject
Project("{FAE04EC0-301F-11D3-BF4B-00C04F79EFBC}") = "CloseVariantSimilarKeywordsV1", "CloseVariantSimilarKeywordsV1\CloseVariantSimilarKeywordsV1.csproj", "{1A247388-1D58-47E8-BA51-99D69CC97DB8}"
EndProject
Project("{FAE04EC0-301F-11D3-BF4B-00C04F79EFBC}") = "ExactValuesSimilarBatchKeywordsV1", "ExactValuesSimilarBatchKeywordsV1\ExactValuesSimilarBatchKeywordsV1.csproj", "{A3B64FAA-FF67-449F-BDC7-6A159556DA69}"
EndProject
Project("{FAE04EC0-301F-11D3-BF4B-00C04F79EFBC}") = "ExactValuesSimilarKeywordsV1", "ExactValuesSimilarKeywordsV1\ExactValuesSimilarKeywordsV1.csproj", "{C5E8E49E-EA7C-464E-9223-0172D106C3E1}"
EndProject
Project("{FAE04EC0-301F-11D3-BF4B-00C04F79EFBC}") = "ExactValuesEmptyKeywordsV1", "ExactValuesEmptyKeywordsV1\ExactValuesEmptyKeywordsV1.csproj", "{D9E17F63-EB14-4E2D-BA7C-9955F101BEE2}"
EndProject
Project("{FAE04EC0-301F-11D3-BF4B-00C04F79EFBC}") = "ExactValuesLIbrary", "ExactValuesLIbrary\ExactValuesLIbrary.csproj", "{C40BB55B-9AE4-49AF-8932-A35E7B61ABB7}"
EndProject
Project("{FAE04EC0-301F-11D3-BF4B-00C04F79EFBC}") = "UnitTest", "UnitTest\UnitTest.csproj", "{AF1C2DCB-7DBA-4999-A9C2-26BE23FFD13D}"
EndProject
Global
	GlobalSection(SolutionConfigurationPlatforms) = preSolution
		Debug|Any CPU = Debug|Any CPU
		Release|Any CPU = Release|Any CPU
	EndGlobalSection
	GlobalSection(ProjectConfigurationPlatforms) = postSolution
		{2737A9C8-F894-43C6-B615-4EF0ED99C7B9}.Debug|Any CPU.ActiveCfg = Debug|Any CPU
		{2737A9C8-F894-43C6-B615-4EF0ED99C7B9}.Debug|Any CPU.Build.0 = Debug|Any CPU
		{2737A9C8-F894-43C6-B615-4EF0ED99C7B9}.Release|Any CPU.ActiveCfg = Release|Any CPU
		{2737A9C8-F894-43C6-B615-4EF0ED99C7B9}.Release|Any CPU.Build.0 = Release|Any CPU
		{F9DC7C02-9DEA-482C-9602-101AF84B4015}.Debug|Any CPU.ActiveCfg = Debug|Any CPU
		{F9DC7C02-9DEA-482C-9602-101AF84B4015}.Debug|Any CPU.Build.0 = Debug|Any CPU
		{F9DC7C02-9DEA-482C-9602-101AF84B4015}.Release|Any CPU.ActiveCfg = Release|Any CPU
		{F9DC7C02-9DEA-482C-9602-101AF84B4015}.Release|Any CPU.Build.0 = Release|Any CPU
		{7320CF54-0EEA-4E60-8BB9-1D14B347128E}.Debug|Any CPU.ActiveCfg = Debug|Any CPU
		{7320CF54-0EEA-4E60-8BB9-1D14B347128E}.Debug|Any CPU.Build.0 = Debug|Any CPU
		{7320CF54-0EEA-4E60-8BB9-1D14B347128E}.Release|Any CPU.ActiveCfg = Release|Any CPU
		{7320CF54-0EEA-4E60-8BB9-1D14B347128E}.Release|Any CPU.Build.0 = Release|Any CPU
		{DF721730-9122-4138-8B9F-04B39751E035}.Debug|Any CPU.ActiveCfg = Debug|Any CPU
		{DF721730-9122-4138-8B9F-04B39751E035}.Debug|Any CPU.Build.0 = Debug|Any CPU
		{DF721730-9122-4138-8B9F-04B39751E035}.Release|Any CPU.ActiveCfg = Release|Any CPU
		{DF721730-9122-4138-8B9F-04B39751E035}.Release|Any CPU.Build.0 = Release|Any CPU
		{7A9A677E-9282-4914-B7AF-BBD0FCEAB6EE}.Debug|Any CPU.ActiveCfg = Debug|Any CPU
		{7A9A677E-9282-4914-B7AF-BBD0FCEAB6EE}.Debug|Any CPU.Build.0 = Debug|Any CPU
		{7A9A677E-9282-4914-B7AF-BBD0FCEAB6EE}.Release|Any CPU.ActiveCfg = Release|Any CPU
		{7A9A677E-9282-4914-B7AF-BBD0FCEAB6EE}.Release|Any CPU.Build.0 = Release|Any CPU
		{1197F2E7-839D-4A87-A8FB-C9C867730042}.Debug|Any CPU.ActiveCfg = Debug|Any CPU
		{1197F2E7-839D-4A87-A8FB-C9C867730042}.Debug|Any CPU.Build.0 = Debug|Any CPU
		{1197F2E7-839D-4A87-A8FB-C9C867730042}.Release|Any CPU.ActiveCfg = Release|Any CPU
		{1197F2E7-839D-4A87-A8FB-C9C867730042}.Release|Any CPU.Build.0 = Release|Any CPU
		{45C744B9-0215-48A6-A596-4CFCD1A1639D}.Debug|Any CPU.ActiveCfg = Debug|Any CPU
		{45C744B9-0215-48A6-A596-4CFCD1A1639D}.Debug|Any CPU.Build.0 = Debug|Any CPU
		{45C744B9-0215-48A6-A596-4CFCD1A1639D}.Release|Any CPU.ActiveCfg = Release|Any CPU
		{45C744B9-0215-48A6-A596-4CFCD1A1639D}.Release|Any CPU.Build.0 = Release|Any CPU
		{7194E857-14EF-461F-84D4-15E3BCEB9150}.Debug|Any CPU.ActiveCfg = Debug|Any CPU
		{7194E857-14EF-461F-84D4-15E3BCEB9150}.Debug|Any CPU.Build.0 = Debug|Any CPU
		{7194E857-14EF-461F-84D4-15E3BCEB9150}.Release|Any CPU.ActiveCfg = Release|Any CPU
		{7194E857-14EF-461F-84D4-15E3BCEB9150}.Release|Any CPU.Build.0 = Release|Any CPU
		{1A247388-1D58-47E8-BA51-99D69CC97DB8}.Debug|Any CPU.ActiveCfg = Debug|Any CPU
		{1A247388-1D58-47E8-BA51-99D69CC97DB8}.Debug|Any CPU.Build.0 = Debug|Any CPU
		{1A247388-1D58-47E8-BA51-99D69CC97DB8}.Release|Any CPU.ActiveCfg = Release|Any CPU
		{1A247388-1D58-47E8-BA51-99D69CC97DB8}.Release|Any CPU.Build.0 = Release|Any CPU
		{A3B64FAA-FF67-449F-BDC7-6A159556DA69}.Debug|Any CPU.ActiveCfg = Debug|Any CPU
		{A3B64FAA-FF67-449F-BDC7-6A159556DA69}.Debug|Any CPU.Build.0 = Debug|Any CPU
		{A3B64FAA-FF67-449F-BDC7-6A159556DA69}.Release|Any CPU.ActiveCfg = Release|Any CPU
		{A3B64FAA-FF67-449F-BDC7-6A159556DA69}.Release|Any CPU.Build.0 = Release|Any CPU
		{C5E8E49E-EA7C-464E-9223-0172D106C3E1}.Debug|Any CPU.ActiveCfg = Debug|Any CPU
		{C5E8E49E-EA7C-464E-9223-0172D106C3E1}.Debug|Any CPU.Build.0 = Debug|Any CPU
		{C5E8E49E-EA7C-464E-9223-0172D106C3E1}.Release|Any CPU.ActiveCfg = Release|Any CPU
		{C5E8E49E-EA7C-464E-9223-0172D106C3E1}.Release|Any CPU.Build.0 = Release|Any CPU
		{D9E17F63-EB14-4E2D-BA7C-9955F101BEE2}.Debug|Any CPU.ActiveCfg = Debug|Any CPU
		{D9E17F63-EB14-4E2D-BA7C-9955F101BEE2}.Debug|Any CPU.Build.0 = Debug|Any CPU
		{D9E17F63-EB14-4E2D-BA7C-9955F101BEE2}.Release|Any CPU.ActiveCfg = Release|Any CPU
		{D9E17F63-EB14-4E2D-BA7C-9955F101BEE2}.Release|Any CPU.Build.0 = Release|Any CPU
		{C40BB55B-9AE4-49AF-8932-A35E7B61ABB7}.Debug|Any CPU.ActiveCfg = Debug|Any CPU
		{C40BB55B-9AE4-49AF-8932-A35E7B61ABB7}.Debug|Any CPU.Build.0 = Debug|Any CPU
		{C40BB55B-9AE4-49AF-8932-A35E7B61ABB7}.Release|Any CPU.ActiveCfg = Release|Any CPU
		{C40BB55B-9AE4-49AF-8932-A35E7B61ABB7}.Release|Any CPU.Build.0 = Release|Any CPU
		{AF1C2DCB-7DBA-4999-A9C2-26BE23FFD13D}.Debug|Any CPU.ActiveCfg = Debug|Any CPU
		{AF1C2DCB-7DBA-4999-A9C2-26BE23FFD13D}.Debug|Any CPU.Build.0 = Debug|Any CPU
		{AF1C2DCB-7DBA-4999-A9C2-26BE23FFD13D}.Release|Any CPU.ActiveCfg = Release|Any CPU
		{AF1C2DCB-7DBA-4999-A9C2-26BE23FFD13D}.Release|Any CPU.Build.0 = Release|Any CPU
	EndGlobalSection
	GlobalSection(SolutionProperties) = preSolution
		HideSolutionNode = FALSE
	EndGlobalSection
	GlobalSection(ExtensibilityGlobals) = postSolution
		SolutionGuid = {C8E03C35-5777-4448-AA07-AF4E94180BAE}
	EndGlobalSection
EndGlobal
